
Microsoft Visual Studio Solution File, Format Version 12.00
# Visual Studio Version 16
VisualStudioVersion = 16.0.31911.196
MinimumVisualStudioVersion = 10.0.40219.1
Project("{FAE04EC0-301F-11D3-BF4B-00C04F79EFBC}") = "CatAngularASP", "CatAngularASP\CatAngularASP.csproj", "{219C96C8-0FBB-4EDD-B2FF-DE49361A1962}"
EndProject
Global
	GlobalSection(SolutionConfigurationPlatforms) = preSolution
		Debug|Any CPU = Debug|Any CPU
		Release|Any CPU = Release|Any CPU
	EndGlobalSection
	GlobalSection(ProjectConfigurationPlatforms) = postSolution
		{219C96C8-0FBB-4EDD-B2FF-DE49361A1962}.Debug|Any CPU.ActiveCfg = Debug|Any CPU
		{219C96C8-0FBB-4EDD-B2FF-DE49361A1962}.Debug|Any CPU.Build.0 = Debug|Any CPU
		{219C96C8-0FBB-4EDD-B2FF-DE49361A1962}.Release|Any CPU.ActiveCfg = Release|Any CPU
		{219C96C8-0FBB-4EDD-B2FF-DE49361A1962}.Release|Any CPU.Build.0 = Release|Any CPU
	EndGlobalSection
	GlobalSection(SolutionProperties) = preSolution
		HideSolutionNode = FALSE
	EndGlobalSection
	GlobalSection(ExtensibilityGlobals) = postSolution
		SolutionGuid = {4AFFB28D-484D-4D4A-867B-CC5D4EB267BF}
	EndGlobalSection
EndGlobal
